PODS:
  - j2objc-shared-debug (1.0)
  - j2objc-shared-release (1.0)

DEPENDENCIES:
  - j2objc-shared-debug (from `../../shared/build`)
  - j2objc-shared-release (from `../../shared/build`)

EXTERNAL SOURCES:
  j2objc-shared-debug:
    :path: ../../shared/build
  j2objc-shared-release:
    :path: ../../shared/build

SPEC CHECKSUMS:
  j2objc-shared-debug: 31f773efa656903ca87bf055c3dec366c966d421
  j2objc-shared-release: ea64454b24994f04b735b6330302c9469c87df54

COCOAPODS: 0.39.0
